# Generated by buf. DO NOT EDIT.
version: v2
deps:
  - name: buf.build/gnostic/gnostic
    commit: 087bc8072ce44e339f213209e4d57bf0
    digest: b5:c4eebcd04bc2fdd5dd0b8d695eb419682a650b600cdb56ff2ed61208a24603e0eb1b8ae0d467925c69a24bde6d322f3c4112bd2b8efdd682d8c3128384cdac9a
  - name: buf.build/googleapis/googleapis
    commit: e93e34f48be043dab55be31b4b47f458
    digest: b5:cebe5dfac5f7d67c55296f37ad9d368dba8d9862777e69d5d99eb1d72dc95fa68cd6323b483ca42cf70e66060002c1bc36e1f5f754b217a5c771c108eb243dbf
